
Microsoft Visual Studio Solution File, Format Version 12.00
# Visual Studio 15
VisualStudioVersion = 15.0.28307.1022
MinimumVisualStudioVersion = 10.0.40219.1
Project("{FAE04EC0-301F-11D3-BF4B-00C04F79EFBC}") = "gittar", "gittar\gittar.csproj", "{52A90DF8-B6F7-4F01-92E3-0FC8FCA41381}"
EndProject
Global
	GlobalSection(SolutionConfigurationPlatforms) = preSolution
		Debug|Any CPU = Debug|Any CPU
		Release|Any CPU = Release|Any CPU
	EndGlobalSection
	GlobalSection(ProjectConfigurationPlatforms) = postSolution
		{52A90DF8-B6F7-4F01-92E3-0FC8FCA41381}.Debug|Any CPU.ActiveCfg = Debug|Any CPU
		{52A90DF8-B6F7-4F01-92E3-0FC8FCA41381}.Debug|Any CPU.Build.0 = Debug|Any CPU
		{52A90DF8-B6F7-4F01-92E3-0FC8FCA41381}.Release|Any CPU.ActiveCfg = Release|Any CPU
		{52A90DF8-B6F7-4F01-92E3-0FC8FCA41381}.Release|Any CPU.Build.0 = Release|Any CPU
	EndGlobalSection
	GlobalSection(SolutionProperties) = preSolution
		HideSolutionNode = FALSE
	EndGlobalSection
	GlobalSection(ExtensibilityGlobals) = postSolution
		SolutionGuid = {0BE24984-EB74-4C59-A7EA-15000D5BC7D8}
	EndGlobalSection
EndGlobal
